
Microsoft Visual Studio Solution File, Format Version 12.00
# Visual Studio Version 16
VisualStudioVersion = 16.0.33423.256
MinimumVisualStudioVersion = 10.0.40219.1
Project("{FAE04EC0-301F-11D3-BF4B-00C04F79EFBC}") = "Naktsmītne", "WpfApp1\Naktsmītne.csproj", "{9128FF5E-9670-4F0D-8222-01EBD665D7B0}"
EndProject
Global
	GlobalSection(SolutionConfigurationPlatforms) = preSolution
		Debug|Any CPU = Debug|Any CPU
		Release|Any CPU = Release|Any CPU
	EndGlobalSection
	GlobalSection(ProjectConfigurationPlatforms) = postSolution
		{9128FF5E-9670-4F0D-8222-01EBD665D7B0}.Debug|Any CPU.ActiveCfg = Debug|Any CPU
		{9128FF5E-9670-4F0D-8222-01EBD665D7B0}.Debug|Any CPU.Build.0 = Debug|Any CPU
		{9128FF5E-9670-4F0D-8222-01EBD665D7B0}.Release|Any CPU.ActiveCfg = Release|Any CPU
		{9128FF5E-9670-4F0D-8222-01EBD665D7B0}.Release|Any CPU.Build.0 = Release|Any CPU
	EndGlobalSection
	GlobalSection(SolutionProperties) = preSolution
		HideSolutionNode = FALSE
	EndGlobalSection
	GlobalSection(ExtensibilityGlobals) = postSolution
		SolutionGuid = {84CA9C5F-A94A-43A7-8356-030CE66455B5}
	EndGlobalSection
EndGlobal
